
Microsoft Visual Studio Solution File, Format Version 12.00
# Visual Studio 15
VisualStudioVersion = 15.0.27703.2026
MinimumVisualStudioVersion = 10.0.40219.1
Project("{FAE04EC0-301F-11D3-BF4B-00C04F79EFBC}") = "FinPaletWeb", "FinPaletWeb\FinPaletWeb.csproj", "{494A184B-DDCA-40F3-8D41-A2DA289428BF}"
EndProject
Global
	GlobalSection(SolutionConfigurationPlatforms) = preSolution
		Debug|Any CPU = Debug|Any CPU
		Release|Any CPU = Release|Any CPU
	EndGlobalSection
	GlobalSection(ProjectConfigurationPlatforms) = postSolution
		{494A184B-DDCA-40F3-8D41-A2DA289428BF}.Debug|Any CPU.ActiveCfg = Debug|Any CPU
		{494A184B-DDCA-40F3-8D41-A2DA289428BF}.Debug|Any CPU.Build.0 = Debug|Any CPU
		{494A184B-DDCA-40F3-8D41-A2DA289428BF}.Release|Any CPU.ActiveCfg = Release|Any CPU
		{494A184B-DDCA-40F3-8D41-A2DA289428BF}.Release|Any CPU.Build.0 = Release|Any CPU
	EndGlobalSection
	GlobalSection(SolutionProperties) = preSolution
		HideSolutionNode = FALSE
	EndGlobalSection
	GlobalSection(ExtensibilityGlobals) = postSolution
		SolutionGuid = {EA64E747-5479-4ECD-817B-38CD86EDCE10}
	EndGlobalSection
EndGlobal
